PODS:
  - Alamofire (4.6.0)
  - lottie-ios (2.1.5)

DEPENDENCIES:
  - Alamofire (~> 4.4)
  - lottie-ios

SPEC REPOS:
  trunk:
    - Alamofire
    - lottie-ios

SPEC CHECKSUMS:
  Alamofire: f41a599bd63041760b26d393ec1069d9d7b917f4
  lottie-ios: 836cdbba92f62f3c6a00e37a4ce485321fe317cf

PODFILE CHECKSUM: f12ca09dcf1b5ab890df79593c4beb038ccaa80e

COCOAPODS: 1.8.4
