// !$*UTF8*$!
{
	archiveVersion = 1;
	classes = {
	};
	objectVersion = 50;
	objects = {

/* Begin PBXBuildFile section */
		95D8FD3B217AE9A600C74774 /* AppDelegate.swift in Sources */ = {isa = PBXBuildFile; fileRef = 95D8FD3A217AE9A600C74774 /* AppDelegate.swift */; };
		95D8FD3D217AE9A600C74774 /* Scene.sks in Resources */ = {isa = PBXBuildFile; fileRef = 95D8FD3C217AE9A600C74774 /* Scene.sks */; };
		95D8FD3F217AE9A600C74774 /* Scene.swift in Sources */ = {isa = PBXBuildFile; fileRef = 95D8FD3E217AE9A600C74774 /* Scene.swift */; };
		95D8FD41217AE9A600C74774 /* ViewController.swift in Sources */ = {isa = PBXBuildFile; fileRef = 95D8FD40217AE9A600C74774 /* ViewController.swift */; };
		95D8FD44217AE9A600C74774 /* Main.storyboard in Resources */ = {isa = PBXBuildFile; fileRef = 95D8FD42217AE9A600C74774 /* Main.storyboard */; };
		95D8FD46217AE9A800C74774 /* Assets.xcassets in Resources */ = {isa = PBXBuildFile; fileRef = 95D8FD45217AE9A800C74774 /* Assets.xcassets */; };
		95D8FD49217AE9A800C74774 /* LaunchScreen.storyboard in Resources */ = {isa = PBXBuildFile; fileRef = 95D8FD47217AE9A800C74774 /* LaunchScreen.storyboard */; };
		95D8FD54217AE9A800C74774 /* SPOTTests.swift in Sources */ = {isa = PBXBuildFile; fileRef = 95D8FD53217AE9A800C74774 /* SPOTTests.swift */; };
		95D8FD5F217AE9A800C74774 /* SPOTUITests.swift in Sources */ = {isa = PBXBuildFile; fileRef = 95D8FD5E217AE9A800C74774 /* SPOTUITests.swift */; };
		95D8FD6F217AF4DF00C74774 /* Montserrat-Bold.ttf in Sources */ = {isa = PBXBuildFile; fileRef = 95D8FD6D217AF4BA00C74774 /* Montserrat-Bold.ttf */; };
		95D8FD70217AF4DF00C74774 /* Montserrat-Medium.ttf in Sources */ = {isa = PBXBuildFile; fileRef = 95D8FD6E217AF4BA00C74774 /* Montserrat-Medium.ttf */; };
		95D8FD71217AF4DF00C74774 /* Montserrat-Regular.ttf in Sources */ = {isa = PBXBuildFile; fileRef = 95D8FD6C217AF4BA00C74774 /* Montserrat-Regular.ttf */; };
		95D8FD72217AF7FD00C74774 /* Montserrat-Bold.ttf in Resources */ = {isa = PBXBuildFile; fileRef = 95D8FD6D217AF4BA00C74774 /* Montserrat-Bold.ttf */; };
		95D8FD73217AF7FD00C74774 /* Montserrat-Medium.ttf in Resources */ = {isa = PBXBuildFile; fileRef = 95D8FD6E217AF4BA00C74774 /* Montserrat-Medium.ttf */; };
		95D8FD74217AF7FD00C74774 /* Montserrat-Regular.ttf in Resources */ = {isa = PBXBuildFile; fileRef = 95D8FD6C217AF4BA00C74774 /* Montserrat-Regular.ttf */; };
		95D8FD78217B1BCB00C74774 /* SearchedTableViewCell.swift in Sources */ = {isa = PBXBuildFile; fileRef = 95D8FD77217B1BCB00C74774 /* SearchedTableViewCell.swift */; };
		95D8FD7C217B4B1600C74774 /* CartViewController.swift in Sources */ = {isa = PBXBuildFile; fileRef = 95D8FD7B217B4B1600C74774 /* CartViewController.swift */; };
		95D8FD7E217B4B2100C74774 /* MoreInformationViewController.swift in Sources */ = {isa = PBXBuildFile; fileRef = 95D8FD7D217B4B2100C74774 /* MoreInformationViewController.swift */; };
/* End PBXBuildFile section */

/* Begin PBXContainerItemProxy section */
		95D8FD50217AE9A800C74774 /* PBXContainerItemProxy */ = {
			isa = PBXContainerItemProxy;
			containerPortal = 95D8FD2F217AE9A500C74774 /* Project object */;
			proxyType = 1;
			remoteGlobalIDString = 95D8FD36217AE9A500C74774;
			remoteInfo = SPOT;
		};
		95D8FD5B217AE9A800C74774 /* PBXContainerItemProxy */ = {
			isa = PBXContainerItemProxy;
			containerPortal = 95D8FD2F217AE9A500C74774 /* Project object */;
			proxyType = 1;
			remoteGlobalIDString = 95D8FD36217AE9A500C74774;
			remoteInfo = SPOT;
		};
/* End PBXContainerItemProxy section */

/* Begin PBXFileReference section */
		95D8FD37217AE9A500C74774 /* SPOT.app */ = {isa = PBXFileReference; explicitFileType = wrapper.application; includeInIndex = 0; path = SPOT.app; sourceTree = BUILT_PRODUCTS_DIR; };
		95D8FD3A217AE9A600C74774 /* AppDelegate.swift */ = {isa = PBXFileReference; lastKnownFileType = sourcecode.swift; path = AppDelegate.swift; sourceTree = "<group>"; };
		95D8FD3C217AE9A600C74774 /* Scene.sks */ = {isa = PBXFileReference; lastKnownFileType = file.sks; path = Scene.sks; sourceTree = "<group>"; };
		95D8FD3E217AE9A600C74774 /* Scene.swift */ = {isa = PBXFileReference; lastKnownFileType = sourcecode.swift; path = Scene.swift; sourceTree = "<group>"; };
		95D8FD40217AE9A600C74774 /* ViewController.swift */ = {isa = PBXFileReference; lastKnownFileType = sourcecode.swift; path = ViewController.swift; sourceTree = "<group>"; };
		95D8FD43217AE9A600C74774 /* Base */ = {isa = PBXFileReference; lastKnownFileType = file.storyboard; name = Base; path = Base.lproj/Main.storyboard; sourceTree = "<group>"; };
		95D8FD45217AE9A800C74774 /* Assets.xcassets */ = {isa = PBXFileReference; lastKnownFileType = folder.assetcatalog; path = Assets.xcassets; sourceTree = "<group>"; };
		95D8FD48217AE9A800C74774 /* Base */ = {isa = PBXFileReference; lastKnownFileType = file.storyboard; name = Base; path = Base.lproj/LaunchScreen.storyboard; sourceTree = "<group>"; };
		95D8FD4A217AE9A800C74774 /* Info.plist */ = {isa = PBXFileReference; lastKnownFileType = text.plist.xml; path = Info.plist; sourceTree = "<group>"; };
		95D8FD4F217AE9A800C74774 /* SPOTTests.xctest */ = {isa = PBXFileReference; explicitFileType = wrapper.cfbundle; includeInIndex = 0; path = SPOTTests.xctest; sourceTree = BUILT_PRODUCTS_DIR; };
		95D8FD53217AE9A800C74774 /* SPOTTests.swift */ = {isa = PBXFileReference; lastKnownFileType = sourcecode.swift; path = SPOTTests.swift; sourceTree = "<group>"; };
		95D8FD55217AE9A800C74774 /* Info.plist */ = {isa = PBXFileReference; lastKnownFileType = text.plist.xml; path = Info.plist; sourceTree = "<group>"; };
		95D8FD5A217AE9A800C74774 /* SPOTUITests.xctest */ = {isa = PBXFileReference; explicitFileType = wrapper.cfbundle; includeInIndex = 0; path = SPOTUITests.xctest; sourceTree = BUILT_PRODUCTS_DIR; };
		95D8FD5E217AE9A800C74774 /* SPOTUITests.swift */ = {isa = PBXFileReference; lastKnownFileType = sourcecode.swift; path = SPOTUITests.swift; sourceTree = "<group>"; };
		95D8FD60217AE9A800C74774 /* Info.plist */ = {isa = PBXFileReference; lastKnownFileType = text.plist.xml; path = Info.plist; sourceTree = "<group>"; };
		95D8FD6C217AF4BA00C74774 /* Montserrat-Regular.ttf */ = {isa = PBXFileReference; lastKnownFileType = file; path = "Montserrat-Regular.ttf"; sourceTree = "<group>"; };
		95D8FD6D217AF4BA00C74774 /* Montserrat-Bold.ttf */ = {isa = PBXFileReference; lastKnownFileType = file; path = "Montserrat-Bold.ttf"; sourceTree = "<group>"; };
		95D8FD6E217AF4BA00C74774 /* Montserrat-Medium.ttf */ = {isa = PBXFileReference; lastKnownFileType = file; path = "Montserrat-Medium.ttf"; sourceTree = "<group>"; };
		95D8FD77217B1BCB00C74774 /* SearchedTableViewCell.swift */ = {isa = PBXFileReference; lastKnownFileType = sourcecode.swift; path = SearchedTableViewCell.swift; sourceTree = "<group>"; };
		95D8FD7B217B4B1600C74774 /* CartViewController.swift */ = {isa = PBXFileReference; lastKnownFileType = sourcecode.swift; path = CartViewController.swift; sourceTree = "<group>"; };
		95D8FD7D217B4B2100C74774 /* MoreInformationViewController.swift */ = {isa = PBXFileReference; lastKnownFileType = sourcecode.swift; path = MoreInformationViewController.swift; sourceTree = "<group>"; };
/* End PBXFileReference section */

/* Begin PBXFrameworksBuildPhase section */
		95D8FD34217AE9A500C74774 /* Frameworks */ = {
			isa = PBXFrameworksBuildPhase;
			buildActionMask = 2147483647;
			files = (
			);
			runOnlyForDeploymentPostprocessing = 0;
		};
		95D8FD4C217AE9A800C74774 /* Frameworks */ = {
			isa = PBXFrameworksBuildPhase;
			buildActionMask = 2147483647;
			files = (
			);
			runOnlyForDeploymentPostprocessing = 0;
		};
		95D8FD57217AE9A800C74774 /* Frameworks */ = {
			isa = PBXFrameworksBuildPhase;
			buildActionMask = 2147483647;
			files = (
			);
			runOnlyForDeploymentPostprocessing = 0;
		};
/* End PBXFrameworksBuildPhase section */

/* Begin PBXGroup section */
		95D8FD2E217AE9A500C74774 = {
			isa = PBXGroup;
			children = (
				95D8FD39217AE9A500C74774 /* SPOT */,
				95D8FD52217AE9A800C74774 /* SPOTTests */,
				95D8FD5D217AE9A800C74774 /* SPOTUITests */,
				95D8FD38217AE9A500C74774 /* Products */,
			);
			sourceTree = "<group>";
		};
		95D8FD38217AE9A500C74774 /* Products */ = {
			isa = PBXGroup;
			children = (
				95D8FD37217AE9A500C74774 /* SPOT.app */,
				95D8FD4F217AE9A800C74774 /* SPOTTests.xctest */,
				95D8FD5A217AE9A800C74774 /* SPOTUITests.xctest */,
			);
			name = Products;
			sourceTree = "<group>";
		};
		95D8FD39217AE9A500C74774 /* SPOT */ = {
			isa = PBXGroup;
			children = (
				95D8FD3A217AE9A600C74774 /* AppDelegate.swift */,
				95D8FD3C217AE9A600C74774 /* Scene.sks */,
				95D8FD3E217AE9A600C74774 /* Scene.swift */,
				95D8FD40217AE9A600C74774 /* ViewController.swift */,
				95D8FD42217AE9A600C74774 /* Main.storyboard */,
				95D8FD45217AE9A800C74774 /* Assets.xcassets */,
				95D8FD6D217AF4BA00C74774 /* Montserrat-Bold.ttf */,
				95D8FD6E217AF4BA00C74774 /* Montserrat-Medium.ttf */,
				95D8FD6C217AF4BA00C74774 /* Montserrat-Regular.ttf */,
				95D8FD47217AE9A800C74774 /* LaunchScreen.storyboard */,
				95D8FD4A217AE9A800C74774 /* Info.plist */,
				95D8FD77217B1BCB00C74774 /* SearchedTableViewCell.swift */,
				95D8FD7B217B4B1600C74774 /* CartViewController.swift */,
				95D8FD7D217B4B2100C74774 /* MoreInformationViewController.swift */,
			);
			path = SPOT;
			sourceTree = "<group>";
		};
		95D8FD52217AE9A800C74774 /* SPOTTests */ = {
			isa = PBXGroup;
			children = (
				95D8FD53217AE9A800C74774 /* SPOTTests.swift */,
				95D8FD55217AE9A800C74774 /* Info.plist */,
			);
			path = SPOTTests;
			sourceTree = "<group>";
		};
		95D8FD5D217AE9A800C74774 /* SPOTUITests */ = {
			isa = PBXGroup;
			children = (
				95D8FD5E217AE9A800C74774 /* SPOTUITests.swift */,
				95D8FD60217AE9A800C74774 /* Info.plist */,
			);
			path = SPOTUITests;
			sourceTree = "<group>";
		};
/* End PBXGroup section */

/* Begin PBXNativeTarget section */
		95D8FD36217AE9A500C74774 /* SPOT */ = {
			isa = PBXNativeTarget;
			buildConfigurationList = 95D8FD63217AE9A800C74774 /* Build configuration list for PBXNativeTarget "SPOT" */;
			buildPhases = (
				95D8FD33217AE9A500C74774 /* Sources */,
				95D8FD34217AE9A500C74774 /* Frameworks */,
				95D8FD35217AE9A500C74774 /* Resources */,
			);
			buildRules = (
			);
			dependencies = (
			);
			name = SPOT;
			productName = SPOT;
			productReference = 95D8FD37217AE9A500C74774 /* SPOT.app */;
			productType = "com.apple.product-type.application";
		};
		95D8FD4E217AE9A800C74774 /* SPOTTests */ = {
			isa = PBXNativeTarget;
			buildConfigurationList = 95D8FD66217AE9A800C74774 /* Build configuration list for PBXNativeTarget "SPOTTests" */;
			buildPhases = (
				95D8FD4B217AE9A800C74774 /* Sources */,
				95D8FD4C217AE9A800C74774 /* Frameworks */,
				95D8FD4D217AE9A800C74774 /* Resources */,
			);
			buildRules = (
			);
			dependencies = (
				95D8FD51217AE9A800C74774 /* PBXTargetDependency */,
			);
			name = SPOTTests;
			productName = SPOTTests;
			productReference = 95D8FD4F217AE9A800C74774 /* SPOTTests.xctest */;
			productType = "com.apple.product-type.bundle.unit-test";
		};
		95D8FD59217AE9A800C74774 /* SPOTUITests */ = {
			isa = PBXNativeTarget;
			buildConfigurationList = 95D8FD69217AE9A800C74774 /* Build configuration list for PBXNativeTarget "SPOTUITests" */;
			buildPhases = (
				95D8FD56217AE9A800C74774 /* Sources */,
				95D8FD57217AE9A800C74774 /* Frameworks */,
				95D8FD58217AE9A800C74774 /* Resources */,
			);
			buildRules = (
			);
			dependencies = (
				95D8FD5C217AE9A800C74774 /* PBXTargetDependency */,
			);
			name = SPOTUITests;
			productName = SPOTUITests;
			productReference = 95D8FD5A217AE9A800C74774 /* SPOTUITests.xctest */;
			productType = "com.apple.product-type.bundle.ui-testing";
		};
/* End PBXNativeTarget section */

/* Begin PBXProject section */
		95D8FD2F217AE9A500C74774 /* Project object */ = {
			isa = PBXProject;
			attributes = {
				LastSwiftUpdateCheck = 1000;
				LastUpgradeCheck = 1000;
				ORGANIZATIONNAME = "Saransh Mittal";
				TargetAttributes = {
					95D8FD36217AE9A500C74774 = {
						CreatedOnToolsVersion = 10.0;
					};
					95D8FD4E217AE9A800C74774 = {
						CreatedOnToolsVersion = 10.0;
						TestTargetID = 95D8FD36217AE9A500C74774;
					};
					95D8FD59217AE9A800C74774 = {
						CreatedOnToolsVersion = 10.0;
						TestTargetID = 95D8FD36217AE9A500C74774;
					};
				};
			};
			buildConfigurationList = 95D8FD32217AE9A500C74774 /* Build configuration list for PBXProject "SPOT" */;
			compatibilityVersion = "Xcode 9.3";
			developmentRegion = en;
			hasScannedForEncodings = 0;
			knownRegions = (
				en,
				Base,
			);
			mainGroup = 95D8FD2E217AE9A500C74774;
			productRefGroup = 95D8FD38217AE9A500C74774 /* Products */;
			projectDirPath = "";
			projectRoot = "";
			targets = (
				95D8FD36217AE9A500C74774 /* SPOT */,
				95D8FD4E217AE9A800C74774 /* SPOTTests */,
				95D8FD59217AE9A800C74774 /* SPOTUITests */,
			);
		};
/* End PBXProject section */

/* Begin PBXResourcesBuildPhase section */
		95D8FD35217AE9A500C74774 /* Resources */ = {
			isa = PBXResourcesBuildPhase;
			buildActionMask = 2147483647;
			files = (
				95D8FD72217AF7FD00C74774 /* Montserrat-Bold.ttf in Resources */,
				95D8FD73217AF7FD00C74774 /* Montserrat-Medium.ttf in Resources */,
				95D8FD74217AF7FD00C74774 /* Montserrat-Regular.ttf in Resources */,
				95D8FD3D217AE9A600C74774 /* Scene.sks in Resources */,
				95D8FD49217AE9A800C74774 /* LaunchScreen.storyboard in Resources */,
				95D8FD46217AE9A800C74774 /* Assets.xcassets in Resources */,
				95D8FD44217AE9A600C74774 /* Main.storyboard in Resources */,
			);
			runOnlyForDeploymentPostprocessing = 0;
		};
		95D8FD4D217AE9A800C74774 /* Resources */ = {
			isa = PBXResourcesBuildPhase;
			buildActionMask = 2147483647;
			files = (
			);
			runOnlyForDeploymentPostprocessing = 0;
		};
		95D8FD58217AE9A800C74774 /* Resources */ = {
			isa = PBXResourcesBuildPhase;
			buildActionMask = 2147483647;
			files = (
			);
			runOnlyForDeploymentPostprocessing = 0;
		};
/* End PBXResourcesBuildPhase section */

/* Begin PBXSourcesBuildPhase section */
		95D8FD33217AE9A500C74774 /* Sources */ = {
			isa = PBXSourcesBuildPhase;
			buildActionMask = 2147483647;
			files = (
				95D8FD6F217AF4DF00C74774 /* Montserrat-Bold.ttf in Sources */,
				95D8FD78217B1BCB00C74774 /* SearchedTableViewCell.swift in Sources */,
				95D8FD70217AF4DF00C74774 /* Montserrat-Medium.ttf in Sources */,
				95D8FD7E217B4B2100C74774 /* MoreInformationViewController.swift in Sources */,
				95D8FD71217AF4DF00C74774 /* Montserrat-Regular.ttf in Sources */,
				95D8FD7C217B4B1600C74774 /* CartViewController.swift in Sources */,
				95D8FD41217AE9A600C74774 /* ViewController.swift in Sources */,
				95D8FD3F217AE9A600C74774 /* Scene.swift in Sources */,
				95D8FD3B217AE9A600C74774 /* AppDelegate.swift in Sources */,
			);
			runOnlyForDeploymentPostprocessing = 0;
		};
		95D8FD4B217AE9A800C74774 /* Sources */ = {
			isa = PBXSourcesBuildPhase;
			buildActionMask = 2147483647;
			files = (
				95D8FD54217AE9A800C74774 /* SPOTTests.swift in Sources */,
			);
			runOnlyForDeploymentPostprocessing = 0;
		};
		95D8FD56217AE9A800C74774 /* Sources */ = {
			isa = PBXSourcesBuildPhase;
			buildActionMask = 2147483647;
			files = (
				95D8FD5F217AE9A800C74774 /* SPOTUITests.swift in Sources */,
			);
			runOnlyForDeploymentPostprocessing = 0;
		};
/* End PBXSourcesBuildPhase section */

/* Begin PBXTargetDependency section */
		95D8FD51217AE9A800C74774 /* PBXTargetDependency */ = {
			isa = PBXTargetDependency;
			target = 95D8FD36217AE9A500C74774 /* SPOT */;
			targetProxy = 95D8FD50217AE9A800C74774 /* PBXContainerItemProxy */;
		};
		95D8FD5C217AE9A800C74774 /* PBXTargetDependency */ = {
			isa = PBXTargetDependency;
			target = 95D8FD36217AE9A500C74774 /* SPOT */;
			targetProxy = 95D8FD5B217AE9A800C74774 /* PBXContainerItemProxy */;
		};
/* End PBXTargetDependency section */

/* Begin PBXVariantGroup section */
		95D8FD42217AE9A600C74774 /* Main.storyboard */ = {
			isa = PBXVariantGroup;
			children = (
				95D8FD43217AE9A600C74774 /* Base */,
			);
			name = Main.storyboard;
			sourceTree = "<group>";
		};
		95D8FD47217AE9A800C74774 /* LaunchScreen.storyboard */ = {
			isa = PBXVariantGroup;
			children = (
				95D8FD48217AE9A800C74774 /* Base */,
			);
			name = LaunchScreen.storyboard;
			sourceTree = "<group>";
		};
/* End PBXVariantGroup section */

/* Begin XCBuildConfiguration section */
		95D8FD61217AE9A800C74774 /* Debug */ = {
			isa = XCBuildConfiguration;
			buildSettings = {
				ALWAYS_SEARCH_USER_PATHS = NO;
				CLANG_ANALYZER_NONNULL = YES;
				CLANG_ANALYZER_NUMBER_OBJECT_CONVERSION = YES_AGGRESSIVE;
				CLANG_CXX_LANGUAGE_STANDARD = "gnu++14";
				CLANG_CXX_LIBRARY = "libc++";
				CLANG_ENABLE_MODULES = YES;
				CLANG_ENABLE_OBJC_ARC = YES;
				CLANG_ENABLE_OBJC_WEAK = YES;
				CLANG_WARN_BLOCK_CAPTURE_AUTORELEASING = YES;
				CLANG_WARN_BOOL_CONVERSION = YES;
				CLANG_WARN_COMMA = YES;
				CLANG_WARN_CONSTANT_CONVERSION = YES;
				CLANG_WARN_DEPRECATED_OBJC_IMPLEMENTATIONS = YES;
				CLANG_WARN_DIRECT_OBJC_ISA_USAGE = YES_ERROR;
				CLANG_WARN_DOCUMENTATION_COMMENTS = YES;
				CLANG_WARN_EMPTY_BODY = YES;
				CLANG_WARN_ENUM_CONVERSION = YES;
				CLANG_WARN_INFINITE_RECURSION = YES;
				CLANG_WARN_INT_CONVERSION = YES;
				CLANG_WARN_NON_LITERAL_NULL_CONVERSION = YES;
				CLANG_WARN_OBJC_IMPLICIT_RETAIN_SELF = YES;
				CLANG_WARN_OBJC_LITERAL_CONVERSION = YES;
				CLANG_WARN_OBJC_ROOT_CLASS = YES_ERROR;
				CLANG_WARN_RANGE_LOOP_ANALYSIS = YES;
				CLANG_WARN_STRICT_PROTOTYPES = YES;
				CLANG_WARN_SUSPICIOUS_MOVE = YES;
				CLANG_WARN_UNGUARDED_AVAILABILITY = YES_AGGRESSIVE;
				CLANG_WARN_UNREACHABLE_CODE = YES;
				CLANG_WARN__DUPLICATE_METHOD_MATCH = YES;
				CODE_SIGN_IDENTITY = "iPhone Developer";
				COPY_PHASE_STRIP = NO;
				DEBUG_INFORMATION_FORMAT = dwarf;
				ENABLE_STRICT_OBJC_MSGSEND = YES;
				ENABLE_TESTABILITY = YES;
				GCC_C_LANGUAGE_STANDARD = gnu11;
				GCC_DYNAMIC_NO_PIC = NO;
				GCC_NO_COMMON_BLOCKS = YES;
				GCC_OPTIMIZATION_LEVEL = 0;
				GCC_PREPROCESSOR_DEFINITIONS = (
					"DEBUG=1",
					"$(inherited)",
				);
				GCC_WARN_64_TO_32_BIT_CONVERSION = YES;
				GCC_WARN_ABOUT_RETURN_TYPE = YES_ERROR;
				GCC_WARN_UNDECLARED_SELECTOR = YES;
				GCC_WARN_UNINITIALIZED_AUTOS = YES_AGGRESSIVE;
				GCC_WARN_UNUSED_FUNCTION = YES;
				GCC_WARN_UNUSED_VARIABLE = YES;
				IPHONEOS_DEPLOYMENT_TARGET = 12.0;
				MTL_ENABLE_DEBUG_INFO = INCLUDE_SOURCE;
				MTL_FAST_MATH = YES;
				ONLY_ACTIVE_ARCH = YES;
				SDKROOT = iphoneos;
				SWIFT_ACTIVE_COMPILATION_CONDITIONS = DEBUG;
				SWIFT_OPTIMIZATION_LEVEL = "-Onone";
			};
			name = Debug;
		};
		95D8FD62217AE9A800C74774 /* Release */ = {
			isa = XCBuildConfiguration;
			buildSettings = {
				ALWAYS_SEARCH_USER_PATHS = NO;
				CLANG_ANALYZER_NONNULL = YES;
				CLANG_ANALYZER_NUMBER_OBJECT_CONVERSION = YES_AGGRESSIVE;
				CLANG_CXX_LANGUAGE_STANDARD = "gnu++14";
				CLANG_CXX_LIBRARY = "libc++";
				CLANG_ENABLE_MODULES = YES;
				CLANG_ENABLE_OBJC_ARC = YES;
				CLANG_ENABLE_OBJC_WEAK = YES;
				CLANG_WARN_BLOCK_CAPTURE_AUTORELEASING = YES;
				CLANG_WARN_BOOL_CONVERSION = YES;
				CLANG_WARN_COMMA = YES;
				CLANG_WARN_CONSTANT_CONVERSION = YES;
				CLANG_WARN_DEPRECATED_OBJC_IMPLEMENTATIONS = YES;
				CLANG_WARN_DIRECT_OBJC_ISA_USAGE = YES_ERROR;
				CLANG_WARN_DOCUMENTATION_COMMENTS = YES;
				CLANG_WARN_EMPTY_BODY = YES;
				CLANG_WARN_ENUM_CONVERSION = YES;
				CLANG_WARN_INFINITE_RECURSION = YES;
				CLANG_WARN_INT_CONVERSION = YES;
				CLANG_WARN_NON_LITERAL_NULL_CONVERSION = YES;
				CLANG_WARN_OBJC_IMPLICIT_RETAIN_SELF = YES;
				CLANG_WARN_OBJC_LITERAL_CONVERSION = YES;
				CLANG_WARN_OBJC_ROOT_CLASS = YES_ERROR;
				CLANG_WARN_RANGE_LOOP_ANALYSIS = YES;
				CLANG_WARN_STRICT_PROTOTYPES = YES;
				CLANG_WARN_SUSPICIOUS_MOVE = YES;
				CLANG_WARN_UNGUARDED_AVAILABILITY = YES_AGGRESSIVE;
				CLANG_WARN_UNREACHABLE_CODE = YES;
				CLANG_WARN__DUPLICATE_METHOD_MATCH = YES;
				CODE_SIGN_IDENTITY = "iPhone Developer";
				COPY_PHASE_STRIP = NO;
				DEBUG_INFORMATION_FORMAT = "dwarf-with-dsym";
				ENABLE_NS_ASSERTIONS = NO;
				ENABLE_STRICT_OBJC_MSGSEND = YES;
				GCC_C_LANGUAGE_STANDARD = gnu11;
				GCC_NO_COMMON_BLOCKS = YES;
				GCC_WARN_64_TO_32_BIT_CONVERSION = YES;
				GCC_WARN_ABOUT_RETURN_TYPE = YES_ERROR;
				GCC_WARN_UNDECLARED_SELECTOR = YES;
				GCC_WARN_UNINITIALIZED_AUTOS = YES_AGGRESSIVE;
				GCC_WARN_UNUSED_FUNCTION = YES;
				GCC_WARN_UNUSED_VARIABLE = YES;
				IPHONEOS_DEPLOYMENT_TARGET = 12.0;
				MTL_ENABLE_DEBUG_INFO = NO;
				MTL_FAST_MATH = YES;
				SDKROOT = iphoneos;
				SWIFT_COMPILATION_MODE = wholemodule;
				SWIFT_OPTIMIZATION_LEVEL = "-O";
				VALIDATE_PRODUCT = YES;
			};
			name = Release;
		};
		95D8FD64217AE9A800C74774 /* Debug */ = {
			isa = XCBuildConfiguration;
			buildSettings = {
				ASSETCATALOG_COMPILER_APPICON_NAME = AppIcon;
				CODE_SIGN_STYLE = Automatic;
				DEVELOPMENT_TEAM = JCRFV5ZL52;
				INFOPLIST_FILE = SPOT/Info.plist;
				LD_RUNPATH_SEARCH_PATHS = (
					"$(inherited)",
					"@executable_path/Frameworks",
				);
				PRODUCT_BUNDLE_IDENTIFIER = sky.SPOT;
				PRODUCT_NAME = "$(TARGET_NAME)";
				SWIFT_VERSION = 4.2;
				TARGETED_DEVICE_FAMILY = "1,2";
			};
			name = Debug;
		};
		95D8FD65217AE9A800C74774 /* Release */ = {
			isa = XCBuildConfiguration;
			buildSettings = {
				ASSETCATALOG_COMPILER_APPICON_NAME = AppIcon;
				CODE_SIGN_STYLE = Automatic;
				DEVELOPMENT_TEAM = JCRFV5ZL52;
				INFOPLIST_FILE = SPOT/Info.plist;
				LD_RUNPATH_SEARCH_PATHS = (
					"$(inherited)",
					"@executable_path/Frameworks",
				);
				PRODUCT_BUNDLE_IDENTIFIER = sky.SPOT;
				PRODUCT_NAME = "$(TARGET_NAME)";
				SWIFT_VERSION = 4.2;
				TARGETED_DEVICE_FAMILY = "1,2";
			};
			name = Release;
		};
		95D8FD67217AE9A800C74774 /* Debug */ = {
			isa = XCBuildConfiguration;
			buildSettings = {
				ALWAYS_EMBED_SWIFT_STANDARD_LIBRARIES = YES;
				BUNDLE_LOADER = "$(TEST_HOST)";
				CODE_SIGN_STYLE = Automatic;
				DEVELOPMENT_TEAM = JCRFV5ZL52;
				INFOPLIST_FILE = SPOTTests/Info.plist;
				LD_RUNPATH_SEARCH_PATHS = (
					"$(inherited)",
					"@executable_path/Frameworks",
					"@loader_path/Frameworks",
				);
				PRODUCT_BUNDLE_IDENTIFIER = sky.SPOTTests;
				PRODUCT_NAME = "$(TARGET_NAME)";
				SWIFT_VERSION = 4.2;
				TARGETED_DEVICE_FAMILY = "1,2";
				TEST_HOST = "$(BUILT_PRODUCTS_DIR)/SPOT.app/SPOT";
			};
			name = Debug;
		};
		95D8FD68217AE9A800C74774 /* Release */ = {
			isa = XCBuildConfiguration;
			buildSettings = {
				ALWAYS_EMBED_SWIFT_STANDARD_LIBRARIES = YES;
				BUNDLE_LOADER = "$(TEST_HOST)";
				CODE_SIGN_STYLE = Automatic;
				DEVELOPMENT_TEAM = JCRFV5ZL52;
				INFOPLIST_FILE = SPOTTests/Info.plist;
				LD_RUNPATH_SEARCH_PATHS = (
					"$(inherited)",
					"@executable_path/Frameworks",
					"@loader_path/Frameworks",
				);
				PRODUCT_BUNDLE_IDENTIFIER = sky.SPOTTests;
				PRODUCT_NAME = "$(TARGET_NAME)";
				SWIFT_VERSION = 4.2;
				TARGETED_DEVICE_FAMILY = "1,2";
				TEST_HOST = "$(BUILT_PRODUCTS_DIR)/SPOT.app/SPOT";
			};
			name = Release;
		};
		95D8FD6A217AE9A800C74774 /* Debug */ = {
			isa = XCBuildConfiguration;
			buildSettings = {
				ALWAYS_EMBED_SWIFT_STANDARD_LIBRARIES = YES;
				CODE_SIGN_STYLE = Automatic;
				DEVELOPMENT_TEAM = JCRFV5ZL52;
				INFOPLIST_FILE = SPOTUITests/Info.plist;
				LD_RUNPATH_SEARCH_PATHS = (
					"$(inherited)",
					"@executable_path/Frameworks",
					"@loader_path/Frameworks",
				);
				PRODUCT_BUNDLE_IDENTIFIER = sky.SPOTUITests;
				PRODUCT_NAME = "$(TARGET_NAME)";
				SWIFT_VERSION = 4.2;
				TARGETED_DEVICE_FAMILY = "1,2";
				TEST_TARGET_NAME = SPOT;
			};
			name = Debug;
		};
		95D8FD6B217AE9A800C74774 /* Release */ = {
			isa = XCBuildConfiguration;
			buildSettings = {
				ALWAYS_EMBED_SWIFT_STANDARD_LIBRARIES = YES;
				CODE_SIGN_STYLE = Automatic;
				DEVELOPMENT_TEAM = JCRFV5ZL52;
				INFOPLIST_FILE = SPOTUITests/Info.plist;
				LD_RUNPATH_SEARCH_PATHS = (
					"$(inherited)",
					"@executable_path/Frameworks",
					"@loader_path/Frameworks",
				);
				PRODUCT_BUNDLE_IDENTIFIER = sky.SPOTUITests;
				PRODUCT_NAME = "$(TARGET_NAME)";
				SWIFT_VERSION = 4.2;
				TARGETED_DEVICE_FAMILY = "1,2";
				TEST_TARGET_NAME = SPOT;
			};
			name = Release;
		};
/* End XCBuildConfiguration section */

/* Begin XCConfigurationList section */
		95D8FD32217AE9A500C74774 /* Build configuration list for PBXProject "SPOT" */ = {
			isa = XCConfigurationList;
			buildConfigurations = (
				95D8FD61217AE9A800C74774 /* Debug */,
				95D8FD62217AE9A800C74774 /* Release */,
			);
			defaultConfigurationIsVisible = 0;
			defaultConfigurationName = Release;
		};
		95D8FD63217AE9A800C74774 /* Build configuration list for PBXNativeTarget "SPOT" */ = {
			isa = XCConfigurationList;
			buildConfigurations = (
				95D8FD64217AE9A800C74774 /* Debug */,
				95D8FD65217AE9A800C74774 /* Release */,
			);
			defaultConfigurationIsVisible = 0;
			defaultConfigurationName = Release;
		};
		95D8FD66217AE9A800C74774 /* Build configuration list for PBXNativeTarget "SPOTTests" */ = {
			isa = XCConfigurationList;
			buildConfigurations = (
				95D8FD67217AE9A800C74774 /* Debug */,
				95D8FD68217AE9A800C74774 /* Release */,
			);
			defaultConfigurationIsVisible = 0;
			defaultConfigurationName = Release;
		};
		95D8FD69217AE9A800C74774 /* Build configuration list for PBXNativeTarget "SPOTUITests" */ = {
			isa = XCConfigurationList;
			buildConfigurations = (
				95D8FD6A217AE9A800C74774 /* Debug */,
				95D8FD6B217AE9A800C74774 /* Release */,
			);
			defaultConfigurationIsVisible = 0;
			defaultConfigurationName = Release;
		};
/* End XCConfigurationList section */
	};
	rootObject = 95D8FD2F217AE9A500C74774 /* Project object */;
}
