// !$*UTF8*$!
{
	archiveVersion = 1;
	classes = {
	};
	objectVersion = 48;
	objects = {

/* Begin PBXBuildFile section */
		644CAC3E27C2F6A205244452 /* Pods_HackHarvard.framework in Frameworks */ = {isa = PBXBuildFile; fileRef = 1F25D3BCE1E950E79A8AD363 /* Pods_HackHarvard.framework */; };
		9515993B21BCEFFB00EBF668 /* CameraViewController.swift in Sources */ = {isa = PBXBuildFile; fileRef = 9515993A21BCEFFB00EBF668 /* CameraViewController.swift */; };
		959F60BF217B86D9004B4661 /* FilterCollectionViewCell.swift in Sources */ = {isa = PBXBuildFile; fileRef = 959F60BE217B86D9004B4661 /* FilterCollectionViewCell.swift */; };
		959F60D3217BF2D2004B4661 /* SpotlightViewController.swift in Sources */ = {isa = PBXBuildFile; fileRef = 959F60D2217BF2D2004B4661 /* SpotlightViewController.swift */; };
		959F60D7217BF7E8004B4661 /* Montserrat-Bold 2.ttf in Resources */ = {isa = PBXBuildFile; fileRef = 959F60D4217BF7B5004B4661 /* Montserrat-Bold 2.ttf */; };
		959F60D8217BF7E8004B4661 /* Montserrat-Medium 2.ttf in Resources */ = {isa = PBXBuildFile; fileRef = 959F60D5217BF7B6004B4661 /* Montserrat-Medium 2.ttf */; };
		959F60D9217BF7E8004B4661 /* Montserrat-Regular 2.ttf in Resources */ = {isa = PBXBuildFile; fileRef = 959F60D6217BF7B6004B4661 /* Montserrat-Regular 2.ttf */; };
		959F60DC217C0240004B4661 /* data.json in Resources */ = {isa = PBXBuildFile; fileRef = 959F60DA217C0240004B4661 /* data.json */; };
		959F60DD217C0240004B4661 /* barcode_scanner.json in Resources */ = {isa = PBXBuildFile; fileRef = 959F60DB217C0240004B4661 /* barcode_scanner.json */; };
		95B6B299252D17400029D45F /* Alamofire.framework in Frameworks */ = {isa = PBXBuildFile; fileRef = 95B6B298252D17400029D45F /* Alamofire.framework */; };
		95B6B29B252D17420029D45F /* Lottie.framework in Frameworks */ = {isa = PBXBuildFile; fileRef = 95B6B29A252D17420029D45F /* Lottie.framework */; };
		95D8FD76217B14ED00C74774 /* MobileNet.mlmodel in Sources */ = {isa = PBXBuildFile; fileRef = 95D8FD75217B14ED00C74774 /* MobileNet.mlmodel */; };
		AEEC85651F18B8C600D43B9B /* AppDelegate.swift in Sources */ = {isa = PBXBuildFile; fileRef = AEEC85641F18B8C600D43B9B /* AppDelegate.swift */; };
		AEEC85691F18B8C600D43B9B /* ViewController.swift in Sources */ = {isa = PBXBuildFile; fileRef = AEEC85681F18B8C600D43B9B /* ViewController.swift */; };
		AEEC856C1F18B8C600D43B9B /* Main.storyboard in Resources */ = {isa = PBXBuildFile; fileRef = AEEC856A1F18B8C600D43B9B /* Main.storyboard */; };
		AEEC856E1F18B8C600D43B9B /* Assets.xcassets in Resources */ = {isa = PBXBuildFile; fileRef = AEEC856D1F18B8C600D43B9B /* Assets.xcassets */; };
		AEEC85711F18B8C600D43B9B /* LaunchScreen.storyboard in Resources */ = {isa = PBXBuildFile; fileRef = AEEC856F1F18B8C600D43B9B /* LaunchScreen.storyboard */; };
/* End PBXBuildFile section */

/* Begin PBXFileReference section */
		17CDD851C1C1B162B5313726 /* Pods-HackHarvard.release.xcconfig */ = {isa = PBXFileReference; includeInIndex = 1; lastKnownFileType = text.xcconfig; name = "Pods-HackHarvard.release.xcconfig"; path = "Pods/Target Support Files/Pods-HackHarvard/Pods-HackHarvard.release.xcconfig"; sourceTree = "<group>"; };
		18E193DBEA8C877871745CF5 /* Pods-CoreML in ARKit.release.xcconfig */ = {isa = PBXFileReference; includeInIndex = 1; lastKnownFileType = text.xcconfig; name = "Pods-CoreML in ARKit.release.xcconfig"; path = "Pods/Target Support Files/Pods-CoreML in ARKit/Pods-CoreML in ARKit.release.xcconfig"; sourceTree = "<group>"; };
		1CBD67FE0DA652050481A6B4 /* Pods-CoreML in ARKit.debug.xcconfig */ = {isa = PBXFileReference; includeInIndex = 1; lastKnownFileType = text.xcconfig; name = "Pods-CoreML in ARKit.debug.xcconfig"; path = "Pods/Target Support Files/Pods-CoreML in ARKit/Pods-CoreML in ARKit.debug.xcconfig"; sourceTree = "<group>"; };
		1F25D3BCE1E950E79A8AD363 /* Pods_HackHarvard.framework */ = {isa = PBXFileReference; explicitFileType = wrapper.framework; includeInIndex = 0; path = Pods_HackHarvard.framework; sourceTree = BUILT_PRODUCTS_DIR; };
		5084CBCE3B10E41200529B58 /* Pods-HackHarvard.debug.xcconfig */ = {isa = PBXFileReference; includeInIndex = 1; lastKnownFileType = text.xcconfig; name = "Pods-HackHarvard.debug.xcconfig"; path = "Pods/Target Support Files/Pods-HackHarvard/Pods-HackHarvard.debug.xcconfig"; sourceTree = "<group>"; };
		9515993A21BCEFFB00EBF668 /* CameraViewController.swift */ = {isa = PBXFileReference; lastKnownFileType = sourcecode.swift; path = CameraViewController.swift; sourceTree = "<group>"; };
		959F60BE217B86D9004B4661 /* FilterCollectionViewCell.swift */ = {isa = PBXFileReference; lastKnownFileType = sourcecode.swift; path = FilterCollectionViewCell.swift; sourceTree = "<group>"; };
		959F60D2217BF2D2004B4661 /* SpotlightViewController.swift */ = {isa = PBXFileReference; lastKnownFileType = sourcecode.swift; path = SpotlightViewController.swift; sourceTree = "<group>"; };
		959F60D4217BF7B5004B4661 /* Montserrat-Bold 2.ttf */ = {isa = PBXFileReference; lastKnownFileType = file; path = "Montserrat-Bold 2.ttf"; sourceTree = "<group>"; };
		959F60D5217BF7B6004B4661 /* Montserrat-Medium 2.ttf */ = {isa = PBXFileReference; lastKnownFileType = file; path = "Montserrat-Medium 2.ttf"; sourceTree = "<group>"; };
		959F60D6217BF7B6004B4661 /* Montserrat-Regular 2.ttf */ = {isa = PBXFileReference; lastKnownFileType = file; path = "Montserrat-Regular 2.ttf"; sourceTree = "<group>"; };
		959F60DA217C0240004B4661 /* data.json */ = {isa = PBXFileReference; fileEncoding = 4; lastKnownFileType = text.json; path = data.json; sourceTree = "<group>"; };
		959F60DB217C0240004B4661 /* barcode_scanner.json */ = {isa = PBXFileReference; fileEncoding = 4; lastKnownFileType = text.json; path = barcode_scanner.json; sourceTree = "<group>"; };
		95B6B298252D17400029D45F /* Alamofire.framework */ = {isa = PBXFileReference; explicitFileType = wrapper.framework; path = Alamofire.framework; sourceTree = BUILT_PRODUCTS_DIR; };
		95B6B29A252D17420029D45F /* Lottie.framework */ = {isa = PBXFileReference; explicitFileType = wrapper.framework; path = Lottie.framework; sourceTree = BUILT_PRODUCTS_DIR; };
		95D8FD75217B14ED00C74774 /* MobileNet.mlmodel */ = {isa = PBXFileReference; lastKnownFileType = file.mlmodel; path = MobileNet.mlmodel; sourceTree = "<group>"; };
		AEEC85611F18B8C600D43B9B /* HackHarvard.app */ = {isa = PBXFileReference; explicitFileType = wrapper.application; includeInIndex = 0; path = HackHarvard.app; sourceTree = BUILT_PRODUCTS_DIR; };
		AEEC85641F18B8C600D43B9B /* AppDelegate.swift */ = {isa = PBXFileReference; lastKnownFileType = sourcecode.swift; path = AppDelegate.swift; sourceTree = "<group>"; };
		AEEC85681F18B8C600D43B9B /* ViewController.swift */ = {isa = PBXFileReference; lastKnownFileType = sourcecode.swift; path = ViewController.swift; sourceTree = "<group>"; };
		AEEC856B1F18B8C600D43B9B /* Base */ = {isa = PBXFileReference; lastKnownFileType = file.storyboard; name = Base; path = Base.lproj/Main.storyboard; sourceTree = "<group>"; };
		AEEC856D1F18B8C600D43B9B /* Assets.xcassets */ = {isa = PBXFileReference; lastKnownFileType = folder.assetcatalog; path = Assets.xcassets; sourceTree = "<group>"; };
		AEEC85701F18B8C600D43B9B /* Base */ = {isa = PBXFileReference; lastKnownFileType = file.storyboard; name = Base; path = Base.lproj/LaunchScreen.storyboard; sourceTree = "<group>"; };
		AEEC85721F18B8C600D43B9B /* Info.plist */ = {isa = PBXFileReference; lastKnownFileType = text.plist.xml; path = Info.plist; sourceTree = "<group>"; };
/* End PBXFileReference section */

/* Begin PBXFrameworksBuildPhase section */
		AEEC855E1F18B8C600D43B9B /* Frameworks */ = {
			isa = PBXFrameworksBuildPhase;
			buildActionMask = 2147483647;
			files = (
				95B6B29B252D17420029D45F /* Lottie.framework in Frameworks */,
				95B6B299252D17400029D45F /* Alamofire.framework in Frameworks */,
				644CAC3E27C2F6A205244452 /* Pods_HackHarvard.framework in Frameworks */,
			);
			runOnlyForDeploymentPostprocessing = 0;
		};
/* End PBXFrameworksBuildPhase section */

/* Begin PBXGroup section */
		20B290CCC4D629A8406D5636 /* Frameworks */ = {
			isa = PBXGroup;
			children = (
				95B6B29A252D17420029D45F /* Lottie.framework */,
				95B6B298252D17400029D45F /* Alamofire.framework */,
				1F25D3BCE1E950E79A8AD363 /* Pods_HackHarvard.framework */,
			);
			name = Frameworks;
			sourceTree = "<group>";
		};
		95FB5386252D1432001E8E2F /* Fonts */ = {
			isa = PBXGroup;
			children = (
				959F60D4217BF7B5004B4661 /* Montserrat-Bold 2.ttf */,
				959F60D5217BF7B6004B4661 /* Montserrat-Medium 2.ttf */,
				959F60D6217BF7B6004B4661 /* Montserrat-Regular 2.ttf */,
			);
			path = Fonts;
			sourceTree = "<group>";
		};
		95FB5387252D1448001E8E2F /* Animations */ = {
			isa = PBXGroup;
			children = (
				959F60DB217C0240004B4661 /* barcode_scanner.json */,
				959F60DA217C0240004B4661 /* data.json */,
			);
			path = Animations;
			sourceTree = "<group>";
		};
		95FB5388252D146A001E8E2F /* Storyboards */ = {
			isa = PBXGroup;
			children = (
				AEEC856A1F18B8C600D43B9B /* Main.storyboard */,
				AEEC856F1F18B8C600D43B9B /* LaunchScreen.storyboard */,
			);
			path = Storyboards;
			sourceTree = "<group>";
		};
		95FB5389252D1482001E8E2F /* Assets */ = {
			isa = PBXGroup;
			children = (
				95FB5386252D1432001E8E2F /* Fonts */,
				95FB5387252D1448001E8E2F /* Animations */,
				AEEC856D1F18B8C600D43B9B /* Assets.xcassets */,
			);
			path = Assets;
			sourceTree = "<group>";
		};
		95FB538B252D148F001E8E2F /* MLModels */ = {
			isa = PBXGroup;
			children = (
				95D8FD75217B14ED00C74774 /* MobileNet.mlmodel */,
			);
			path = MLModels;
			sourceTree = "<group>";
		};
		95FB538E252D14AC001E8E2F /* ViewControllers */ = {
			isa = PBXGroup;
			children = (
				AEEC85641F18B8C600D43B9B /* AppDelegate.swift */,
				AEEC85681F18B8C600D43B9B /* ViewController.swift */,
				959F60BE217B86D9004B4661 /* FilterCollectionViewCell.swift */,
				959F60D2217BF2D2004B4661 /* SpotlightViewController.swift */,
				9515993A21BCEFFB00EBF668 /* CameraViewController.swift */,
			);
			path = ViewControllers;
			sourceTree = "<group>";
		};
		AEEC85581F18B8C600D43B9B = {
			isa = PBXGroup;
			children = (
				AEEC85631F18B8C600D43B9B /* HackHarvard */,
				AEEC85621F18B8C600D43B9B /* Products */,
				B31702588BE02EB42F885E9A /* Pods */,
				20B290CCC4D629A8406D5636 /* Frameworks */,
			);
			sourceTree = "<group>";
		};
		AEEC85621F18B8C600D43B9B /* Products */ = {
			isa = PBXGroup;
			children = (
				AEEC85611F18B8C600D43B9B /* HackHarvard.app */,
			);
			name = Products;
			sourceTree = "<group>";
		};
		AEEC85631F18B8C600D43B9B /* HackHarvard */ = {
			isa = PBXGroup;
			children = (
				95FB538B252D148F001E8E2F /* MLModels */,
				95FB538E252D14AC001E8E2F /* ViewControllers */,
				95FB5388252D146A001E8E2F /* Storyboards */,
				95FB5389252D1482001E8E2F /* Assets */,
				AEEC85721F18B8C600D43B9B /* Info.plist */,
			);
			path = HackHarvard;
			sourceTree = "<group>";
		};
		B31702588BE02EB42F885E9A /* Pods */ = {
			isa = PBXGroup;
			children = (
				1CBD67FE0DA652050481A6B4 /* Pods-CoreML in ARKit.debug.xcconfig */,
				18E193DBEA8C877871745CF5 /* Pods-CoreML in ARKit.release.xcconfig */,
				5084CBCE3B10E41200529B58 /* Pods-HackHarvard.debug.xcconfig */,
				17CDD851C1C1B162B5313726 /* Pods-HackHarvard.release.xcconfig */,
			);
			name = Pods;
			sourceTree = "<group>";
		};
/* End PBXGroup section */

/* Begin PBXNativeTarget section */
		AEEC85601F18B8C600D43B9B /* HackHarvard */ = {
			isa = PBXNativeTarget;
			buildConfigurationList = AEEC85751F18B8C600D43B9B /* Build configuration list for PBXNativeTarget "HackHarvard" */;
			buildPhases = (
				3B84C93A3438254AD12B2E9F /* [CP] Check Pods Manifest.lock */,
				AEEC855D1F18B8C600D43B9B /* Sources */,
				AEEC855E1F18B8C600D43B9B /* Frameworks */,
				AEEC855F1F18B8C600D43B9B /* Resources */,
				49AB50663AA9F4636247E953 /* [CP] Embed Pods Frameworks */,
			);
			buildRules = (
			);
			dependencies = (
			);
			name = HackHarvard;
			productName = "CoreML in ARKit";
			productReference = AEEC85611F18B8C600D43B9B /* HackHarvard.app */;
			productType = "com.apple.product-type.application";
		};
/* End PBXNativeTarget section */

/* Begin PBXProject section */
		AEEC85591F18B8C600D43B9B /* Project object */ = {
			isa = PBXProject;
			attributes = {
				LastSwiftUpdateCheck = 0900;
				LastUpgradeCheck = 0900;
				ORGANIZATIONNAME = CompanyName;
				TargetAttributes = {
					AEEC85601F18B8C600D43B9B = {
						CreatedOnToolsVersion = 9.0;
					};
				};
			};
			buildConfigurationList = AEEC855C1F18B8C600D43B9B /* Build configuration list for PBXProject "HackHarvard" */;
			compatibilityVersion = "Xcode 8.0";
			developmentRegion = en;
			hasScannedForEncodings = 0;
			knownRegions = (
				en,
				Base,
			);
			mainGroup = AEEC85581F18B8C600D43B9B;
			productRefGroup = AEEC85621F18B8C600D43B9B /* Products */;
			projectDirPath = "";
			projectRoot = "";
			targets = (
				AEEC85601F18B8C600D43B9B /* HackHarvard */,
			);
		};
/* End PBXProject section */

/* Begin PBXResourcesBuildPhase section */
		AEEC855F1F18B8C600D43B9B /* Resources */ = {
			isa = PBXResourcesBuildPhase;
			buildActionMask = 2147483647;
			files = (
				959F60D7217BF7E8004B4661 /* Montserrat-Bold 2.ttf in Resources */,
				959F60D8217BF7E8004B4661 /* Montserrat-Medium 2.ttf in Resources */,
				959F60D9217BF7E8004B4661 /* Montserrat-Regular 2.ttf in Resources */,
				959F60DC217C0240004B4661 /* data.json in Resources */,
				959F60DD217C0240004B4661 /* barcode_scanner.json in Resources */,
				AEEC85711F18B8C600D43B9B /* LaunchScreen.storyboard in Resources */,
				AEEC856E1F18B8C600D43B9B /* Assets.xcassets in Resources */,
				AEEC856C1F18B8C600D43B9B /* Main.storyboard in Resources */,
			);
			runOnlyForDeploymentPostprocessing = 0;
		};
/* End PBXResourcesBuildPhase section */

/* Begin PBXShellScriptBuildPhase section */
		3B84C93A3438254AD12B2E9F /* [CP] Check Pods Manifest.lock */ = {
			isa = PBXShellScriptBuildPhase;
			buildActionMask = 2147483647;
			files = (
			);
			inputPaths = (
				"${PODS_PODFILE_DIR_PATH}/Podfile.lock",
				"${PODS_ROOT}/Manifest.lock",
			);
			name = "[CP] Check Pods Manifest.lock";
			outputPaths = (
				"$(DERIVED_FILE_DIR)/Pods-HackHarvard-checkManifestLockResult.txt",
			);
			runOnlyForDeploymentPostprocessing = 0;
			shellPath = /bin/sh;
			shellScript = "diff \"${PODS_PODFILE_DIR_PATH}/Podfile.lock\" \"${PODS_ROOT}/Manifest.lock\" > /dev/null\nif [ $? != 0 ] ; then\n    # print error to STDERR\n    echo \"error: The sandbox is not in sync with the Podfile.lock. Run 'pod install' or update your CocoaPods installation.\" >&2\n    exit 1\nfi\n# This output is used by Xcode 'outputs' to avoid re-running this script phase.\necho \"SUCCESS\" > \"${SCRIPT_OUTPUT_FILE_0}\"\n";
			showEnvVarsInLog = 0;
		};
		49AB50663AA9F4636247E953 /* [CP] Embed Pods Frameworks */ = {
			isa = PBXShellScriptBuildPhase;
			buildActionMask = 2147483647;
			files = (
			);
			inputPaths = (
				"${PODS_ROOT}/Target Support Files/Pods-HackHarvard/Pods-HackHarvard-frameworks.sh",
				"${BUILT_PRODUCTS_DIR}/Alamofire/Alamofire.framework",
				"${BUILT_PRODUCTS_DIR}/lottie-ios/Lottie.framework",
			);
			name = "[CP] Embed Pods Frameworks";
			outputPaths = (
				"${TARGET_BUILD_DIR}/${FRAMEWORKS_FOLDER_PATH}/Alamofire.framework",
				"${TARGET_BUILD_DIR}/${FRAMEWORKS_FOLDER_PATH}/Lottie.framework",
			);
			runOnlyForDeploymentPostprocessing = 0;
			shellPath = /bin/sh;
			shellScript = "\"${PODS_ROOT}/Target Support Files/Pods-HackHarvard/Pods-HackHarvard-frameworks.sh\"\n";
			showEnvVarsInLog = 0;
		};
/* End PBXShellScriptBuildPhase section */

/* Begin PBXSourcesBuildPhase section */
		AEEC855D1F18B8C600D43B9B /* Sources */ = {
			isa = PBXSourcesBuildPhase;
			buildActionMask = 2147483647;
			files = (
				95D8FD76217B14ED00C74774 /* MobileNet.mlmodel in Sources */,
				AEEC85691F18B8C600D43B9B /* ViewController.swift in Sources */,
				959F60BF217B86D9004B4661 /* FilterCollectionViewCell.swift in Sources */,
				9515993B21BCEFFB00EBF668 /* CameraViewController.swift in Sources */,
				AEEC85651F18B8C600D43B9B /* AppDelegate.swift in Sources */,
				959F60D3217BF2D2004B4661 /* SpotlightViewController.swift in Sources */,
			);
			runOnlyForDeploymentPostprocessing = 0;
		};
/* End PBXSourcesBuildPhase section */

/* Begin PBXVariantGroup section */
		AEEC856A1F18B8C600D43B9B /* Main.storyboard */ = {
			isa = PBXVariantGroup;
			children = (
				AEEC856B1F18B8C600D43B9B /* Base */,
			);
			name = Main.storyboard;
			sourceTree = "<group>";
		};
		AEEC856F1F18B8C600D43B9B /* LaunchScreen.storyboard */ = {
			isa = PBXVariantGroup;
			children = (
				AEEC85701F18B8C600D43B9B /* Base */,
			);
			name = LaunchScreen.storyboard;
			sourceTree = "<group>";
		};
/* End PBXVariantGroup section */

/* Begin XCBuildConfiguration section */
		AEEC85731F18B8C600D43B9B /* Debug */ = {
			isa = XCBuildConfiguration;
			buildSettings = {
				ALWAYS_SEARCH_USER_PATHS = NO;
				CLANG_ANALYZER_NONNULL = YES;
				CLANG_ANALYZER_NUMBER_OBJECT_CONVERSION = YES_AGGRESSIVE;
				CLANG_CXX_LANGUAGE_STANDARD = "gnu++14";
				CLANG_CXX_LIBRARY = "libc++";
				CLANG_ENABLE_MODULES = YES;
				CLANG_ENABLE_OBJC_ARC = YES;
				CLANG_WARN_BLOCK_CAPTURE_AUTORELEASING = YES;
				CLANG_WARN_BOOL_CONVERSION = YES;
				CLANG_WARN_COMMA = YES;
				CLANG_WARN_CONSTANT_CONVERSION = YES;
				CLANG_WARN_DIRECT_OBJC_ISA_USAGE = YES_ERROR;
				CLANG_WARN_DOCUMENTATION_COMMENTS = YES;
				CLANG_WARN_EMPTY_BODY = YES;
				CLANG_WARN_ENUM_CONVERSION = YES;
				CLANG_WARN_INFINITE_RECURSION = YES;
				CLANG_WARN_INT_CONVERSION = YES;
				CLANG_WARN_NON_LITERAL_NULL_CONVERSION = YES;
				CLANG_WARN_OBJC_LITERAL_CONVERSION = YES;
				CLANG_WARN_OBJC_ROOT_CLASS = YES_ERROR;
				CLANG_WARN_RANGE_LOOP_ANALYSIS = YES;
				CLANG_WARN_STRICT_PROTOTYPES = YES;
				CLANG_WARN_SUSPICIOUS_MOVE = YES;
				CLANG_WARN_UNGUARDED_AVAILABILITY = YES_AGGRESSIVE;
				CLANG_WARN_UNREACHABLE_CODE = YES;
				CLANG_WARN__DUPLICATE_METHOD_MATCH = YES;
				CODE_SIGN_IDENTITY = "iPhone Developer";
				COPY_PHASE_STRIP = NO;
				DEBUG_INFORMATION_FORMAT = dwarf;
				ENABLE_STRICT_OBJC_MSGSEND = YES;
				ENABLE_TESTABILITY = YES;
				GCC_C_LANGUAGE_STANDARD = gnu11;
				GCC_DYNAMIC_NO_PIC = NO;
				GCC_NO_COMMON_BLOCKS = YES;
				GCC_OPTIMIZATION_LEVEL = 0;
				GCC_PREPROCESSOR_DEFINITIONS = (
					"DEBUG=1",
					"$(inherited)",
				);
				GCC_WARN_64_TO_32_BIT_CONVERSION = YES;
				GCC_WARN_ABOUT_RETURN_TYPE = YES_ERROR;
				GCC_WARN_UNDECLARED_SELECTOR = YES;
				GCC_WARN_UNINITIALIZED_AUTOS = YES_AGGRESSIVE;
				GCC_WARN_UNUSED_FUNCTION = YES;
				GCC_WARN_UNUSED_VARIABLE = YES;
				IPHONEOS_DEPLOYMENT_TARGET = 11.0;
				MTL_ENABLE_DEBUG_INFO = YES;
				ONLY_ACTIVE_ARCH = YES;
				SDKROOT = iphoneos;
				SWIFT_ACTIVE_COMPILATION_CONDITIONS = DEBUG;
				SWIFT_OPTIMIZATION_LEVEL = "-Onone";
			};
			name = Debug;
		};
		AEEC85741F18B8C600D43B9B /* Release */ = {
			isa = XCBuildConfiguration;
			buildSettings = {
				ALWAYS_SEARCH_USER_PATHS = NO;
				CLANG_ANALYZER_NONNULL = YES;
				CLANG_ANALYZER_NUMBER_OBJECT_CONVERSION = YES_AGGRESSIVE;
				CLANG_CXX_LANGUAGE_STANDARD = "gnu++14";
				CLANG_CXX_LIBRARY = "libc++";
				CLANG_ENABLE_MODULES = YES;
				CLANG_ENABLE_OBJC_ARC = YES;
				CLANG_WARN_BLOCK_CAPTURE_AUTORELEASING = YES;
				CLANG_WARN_BOOL_CONVERSION = YES;
				CLANG_WARN_COMMA = YES;
				CLANG_WARN_CONSTANT_CONVERSION = YES;
				CLANG_WARN_DIRECT_OBJC_ISA_USAGE = YES_ERROR;
				CLANG_WARN_DOCUMENTATION_COMMENTS = YES;
				CLANG_WARN_EMPTY_BODY = YES;
				CLANG_WARN_ENUM_CONVERSION = YES;
				CLANG_WARN_INFINITE_RECURSION = YES;
				CLANG_WARN_INT_CONVERSION = YES;
				CLANG_WARN_NON_LITERAL_NULL_CONVERSION = YES;
				CLANG_WARN_OBJC_LITERAL_CONVERSION = YES;
				CLANG_WARN_OBJC_ROOT_CLASS = YES_ERROR;
				CLANG_WARN_RANGE_LOOP_ANALYSIS = YES;
				CLANG_WARN_STRICT_PROTOTYPES = YES;
				CLANG_WARN_SUSPICIOUS_MOVE = YES;
				CLANG_WARN_UNGUARDED_AVAILABILITY = YES_AGGRESSIVE;
				CLANG_WARN_UNREACHABLE_CODE = YES;
				CLANG_WARN__DUPLICATE_METHOD_MATCH = YES;
				CODE_SIGN_IDENTITY = "iPhone Developer";
				COPY_PHASE_STRIP = NO;
				DEBUG_INFORMATION_FORMAT = "dwarf-with-dsym";
				ENABLE_NS_ASSERTIONS = NO;
				ENABLE_STRICT_OBJC_MSGSEND = YES;
				GCC_C_LANGUAGE_STANDARD = gnu11;
				GCC_NO_COMMON_BLOCKS = YES;
				GCC_WARN_64_TO_32_BIT_CONVERSION = YES;
				GCC_WARN_ABOUT_RETURN_TYPE = YES_ERROR;
				GCC_WARN_UNDECLARED_SELECTOR = YES;
				GCC_WARN_UNINITIALIZED_AUTOS = YES_AGGRESSIVE;
				GCC_WARN_UNUSED_FUNCTION = YES;
				GCC_WARN_UNUSED_VARIABLE = YES;
				IPHONEOS_DEPLOYMENT_TARGET = 11.0;
				MTL_ENABLE_DEBUG_INFO = NO;
				SDKROOT = iphoneos;
				SWIFT_OPTIMIZATION_LEVEL = "-Owholemodule";
				VALIDATE_PRODUCT = YES;
			};
			name = Release;
		};
		AEEC85761F18B8C600D43B9B /* Debug */ = {
			isa = XCBuildConfiguration;
			baseConfigurationReference = 5084CBCE3B10E41200529B58 /* Pods-HackHarvard.debug.xcconfig */;
			buildSettings = {
				ASSETCATALOG_COMPILER_APPICON_NAME = AppIcon;
				DEVELOPMENT_TEAM = JCRFV5ZL52;
				INFOPLIST_FILE = "$(SRCROOT)/HackHarvard/Info.plist";
				LD_RUNPATH_SEARCH_PATHS = "$(inherited) @executable_path/Frameworks";
				PRODUCT_BUNDLE_IDENTIFIER = com.skyblue.spot;
				PRODUCT_NAME = "$(TARGET_NAME)";
				SWIFT_VERSION = 4.0;
				TARGETED_DEVICE_FAMILY = 1;
			};
			name = Debug;
		};
		AEEC85771F18B8C600D43B9B /* Release */ = {
			isa = XCBuildConfiguration;
			baseConfigurationReference = 17CDD851C1C1B162B5313726 /* Pods-HackHarvard.release.xcconfig */;
			buildSettings = {
				ASSETCATALOG_COMPILER_APPICON_NAME = AppIcon;
				DEVELOPMENT_TEAM = JCRFV5ZL52;
				INFOPLIST_FILE = "$(SRCROOT)/HackHarvard/Info.plist";
				LD_RUNPATH_SEARCH_PATHS = "$(inherited) @executable_path/Frameworks";
				PRODUCT_BUNDLE_IDENTIFIER = com.skyblue.spot;
				PRODUCT_NAME = "$(TARGET_NAME)";
				SWIFT_VERSION = 4.0;
				TARGETED_DEVICE_FAMILY = 1;
			};
			name = Release;
		};
/* End XCBuildConfiguration section */

/* Begin XCConfigurationList section */
		AEEC855C1F18B8C600D43B9B /* Build configuration list for PBXProject "HackHarvard" */ = {
			isa = XCConfigurationList;
			buildConfigurations = (
				AEEC85731F18B8C600D43B9B /* Debug */,
				AEEC85741F18B8C600D43B9B /* Release */,
			);
			defaultConfigurationIsVisible = 0;
			defaultConfigurationName = Release;
		};
		AEEC85751F18B8C600D43B9B /* Build configuration list for PBXNativeTarget "HackHarvard" */ = {
			isa = XCConfigurationList;
			buildConfigurations = (
				AEEC85761F18B8C600D43B9B /* Debug */,
				AEEC85771F18B8C600D43B9B /* Release */,
			);
			defaultConfigurationIsVisible = 0;
			defaultConfigurationName = Release;
		};
/* End XCConfigurationList section */
	};
	rootObject = AEEC85591F18B8C600D43B9B /* Project object */;
}
